// !$*UTF8*$!
{
	archiveVersion = 1;
	classes = {
	};
	objectVersion = 46;
	objects = {

/* Begin PBXBuildFile section */
		1185E72D1584FAF7001FC0F5 /* UIKit.framework in Frameworks */ = {isa = PBXBuildFile; fileRef = 1185E72C1584FAF7001FC0F5 /* UIKit.framework */; };
		1185E72F1584FAF7001FC0F5 /* Foundation.framework in Frameworks */ = {isa = PBXBuildFile; fileRef = 1185E72E1584FAF7001FC0F5 /* Foundation.framework */; };
		1185E7311584FAF7001FC0F5 /* CoreGraphics.framework in Frameworks */ = {isa = PBXBuildFile; fileRef = 1185E7301584FAF7001FC0F5 /* CoreGraphics.framework */; };
		1185E7371584FAF7001FC0F5 /* InfoPlist.strings in Resources */ = {isa = PBXBuildFile; fileRef = 1185E7351584FAF7001FC0F5 /* InfoPlist.strings */; };
		1185E7391584FAF7001FC0F5 /* main.m in Sources */ = {isa = PBXBuildFile; fileRef = 1185E7381584FAF7001FC0F5 /* main.m */; };
		1185E73D1584FAF7001FC0F5 /* SRAppDelegate.m in Sources */ = {isa = PBXBuildFile; fileRef = 1185E73C1584FAF7001FC0F5 /* SRAppDelegate.m */; };
		1185E7401584FAF7001FC0F5 /* SRRootViewController.m in Sources */ = {isa = PBXBuildFile; fileRef = 1185E73F1584FAF7001FC0F5 /* SRRootViewController.m */; };
		1185E7431584FAF7001FC0F5 /* SRDataViewController.m in Sources */ = {isa = PBXBuildFile; fileRef = 1185E7421584FAF7001FC0F5 /* SRDataViewController.m */; };
		1185E7461584FAF7001FC0F5 /* SRModelController.m in Sources */ = {isa = PBXBuildFile; fileRef = 1185E7451584FAF7001FC0F5 /* SRModelController.m */; };
		1185E7491584FAF7001FC0F5 /* MainStoryboard.storyboard in Resources */ = {isa = PBXBuildFile; fileRef = 1185E7471584FAF7001FC0F5 /* MainStoryboard.storyboard */; };
/* End PBXBuildFile section */

/* Begin PBXFileReference section */
		1185E7281584FAF7001FC0F5 /* TestApp.app */ = {isa = PBXFileReference; explicitFileType = wrapper.application; includeInIndex = 0; path = TestApp.app; sourceTree = BUILT_PRODUCTS_DIR; };
		1185E72C1584FAF7001FC0F5 /* UIKit.framework */ = {isa = PBXFileReference; lastKnownFileType = wrapper.framework; name = UIKit.framework; path = System/Library/Frameworks/UIKit.framework; sourceTree = SDKROOT; };
		1185E72E1584FAF7001FC0F5 /* Foundation.framework */ = {isa = PBXFileReference; lastKnownFileType = wrapper.framework; name = Foundation.framework; path = System/Library/Frameworks/Foundation.framework; sourceTree = SDKROOT; };
		1185E7301584FAF7001FC0F5 /* CoreGraphics.framework */ = {isa = PBXFileReference; lastKnownFileType = wrapper.framework; name = CoreGraphics.framework; path = System/Library/Frameworks/CoreGraphics.framework; sourceTree = SDKROOT; };
		1185E7341584FAF7001FC0F5 /* TestApp-Info.plist */ = {isa = PBXFileReference; lastKnownFileType = text.plist.xml; path = "TestApp-Info.plist"; sourceTree = "<group>"; };
		1185E7361584FAF7001FC0F5 /* en */ = {isa = PBXFileReference; lastKnownFileType = text.plist.strings; name = en; path = en.lproj/InfoPlist.strings; sourceTree = "<group>"; };
		1185E7381584FAF7001FC0F5 /* main.m */ = {isa = PBXFileReference; lastKnownFileType = sourcecode.c.objc; path = main.m; sourceTree = "<group>"; };
		1185E73A1584FAF7001FC0F5 /* TestApp-Prefix.pch */ = {isa = PBXFileReference; lastKnownFileType = sourcecode.c.h; path = "TestApp-Prefix.pch"; sourceTree = "<group>"; };
		1185E73B1584FAF7001FC0F5 /* SRAppDelegate.h */ = {isa = PBXFileReference; lastKnownFileType = sourcecode.c.h; path = SRAppDelegate.h; sourceTree = "<group>"; };
		1185E73C1584FAF7001FC0F5 /* SRAppDelegate.m */ = {isa = PBXFileReference; lastKnownFileType = sourcecode.c.objc; path = SRAppDelegate.m; sourceTree = "<group>"; };
		1185E73E1584FAF7001FC0F5 /* SRRootViewController.h */ = {isa = PBXFileReference; lastKnownFileType = sourcecode.c.h; path = SRRootViewController.h; sourceTree = "<group>"; };
		1185E73F1584FAF7001FC0F5 /* SRRootViewController.m */ = {isa = PBXFileReference; lastKnownFileType = sourcecode.c.objc; path = SRRootViewController.m; sourceTree = "<group>"; };
		1185E7411584FAF7001FC0F5 /* SRDataViewController.h */ = {isa = PBXFileReference; lastKnownFileType = sourcecode.c.h; path = SRDataViewController.h; sourceTree = "<group>"; };
		1185E7421584FAF7001FC0F5 /* SRDataViewController.m */ = {isa = PBXFileReference; lastKnownFileType = sourcecode.c.objc; path = SRDataViewController.m; sourceTree = "<group>"; };
		1185E7441584FAF7001FC0F5 /* SRModelController.h */ = {isa = PBXFileReference; lastKnownFileType = sourcecode.c.h; path = SRModelController.h; sourceTree = "<group>"; };
		1185E7451584FAF7001FC0F5 /* SRModelController.m */ = {isa = PBXFileReference; lastKnownFileType = sourcecode.c.objc; path = SRModelController.m; sourceTree = "<group>"; };
		1185E7481584FAF7001FC0F5 /* en */ = {isa = PBXFileReference; lastKnownFileType = file.storyboard; name = en; path = en.lproj/MainStoryboard.storyboard; sourceTree = "<group>"; };
/* End PBXFileReference section */

/* Begin PBXFrameworksBuildPhase section */
		1185E7251584FAF7001FC0F5 /* Frameworks */ = {
			isa = PBXFrameworksBuildPhase;
			buildActionMask = 2147483647;
			files = (
				1185E72D1584FAF7001FC0F5 /* UIKit.framework in Frameworks */,
				1185E72F1584FAF7001FC0F5 /* Foundation.framework in Frameworks */,
				1185E7311584FAF7001FC0F5 /* CoreGraphics.framework in Frameworks */,
			);
			runOnlyForDeploymentPostprocessing = 0;
		};
/* End PBXFrameworksBuildPhase section */

/* Begin PBXGroup section */
		1185E71D1584FAF7001FC0F5 = {
			isa = PBXGroup;
			children = (
				1185E7321584FAF7001FC0F5 /* TestApp */,
				1185E72B1584FAF7001FC0F5 /* Frameworks */,
				1185E7291584FAF7001FC0F5 /* Products */,
			);
			sourceTree = "<group>";
		};
		1185E7291584FAF7001FC0F5 /* Products */ = {
			isa = PBXGroup;
			children = (
				1185E7281584FAF7001FC0F5 /* TestApp.app */,
			);
			name = Products;
			sourceTree = "<group>";
		};
		1185E72B1584FAF7001FC0F5 /* Frameworks */ = {
			isa = PBXGroup;
			children = (
				1185E72C1584FAF7001FC0F5 /* UIKit.framework */,
				1185E72E1584FAF7001FC0F5 /* Foundation.framework */,
				1185E7301584FAF7001FC0F5 /* CoreGraphics.framework */,
			);
			name = Frameworks;
			sourceTree = "<group>";
		};
		1185E7321584FAF7001FC0F5 /* TestApp */ = {
			isa = PBXGroup;
			children = (
				1185E73B1584FAF7001FC0F5 /* SRAppDelegate.h */,
				1185E73C1584FAF7001FC0F5 /* SRAppDelegate.m */,
				1185E73E1584FAF7001FC0F5 /* SRRootViewController.h */,
				1185E73F1584FAF7001FC0F5 /* SRRootViewController.m */,
				1185E7411584FAF7001FC0F5 /* SRDataViewController.h */,
				1185E7421584FAF7001FC0F5 /* SRDataViewController.m */,
				1185E7441584FAF7001FC0F5 /* SRModelController.h */,
				1185E7451584FAF7001FC0F5 /* SRModelController.m */,
				1185E7471584FAF7001FC0F5 /* MainStoryboard.storyboard */,
				1185E7331584FAF7001FC0F5 /* Supporting Files */,
			);
			path = TestApp;
			sourceTree = "<group>";
		};
		1185E7331584FAF7001FC0F5 /* Supporting Files */ = {
			isa = PBXGroup;
			children = (
				1185E7341584FAF7001FC0F5 /* TestApp-Info.plist */,
				1185E7351584FAF7001FC0F5 /* InfoPlist.strings */,
				1185E7381584FAF7001FC0F5 /* main.m */,
				1185E73A1584FAF7001FC0F5 /* TestApp-Prefix.pch */,
			);
			name = "Supporting Files";
			sourceTree = "<group>";
		};
/* End PBXGroup section */

/* Begin PBXNativeTarget section */
		1185E7271584FAF7001FC0F5 /* TestApp */ = {
			isa = PBXNativeTarget;
			buildConfigurationList = 1185E74C1584FAF7001FC0F5 /* Build configuration list for PBXNativeTarget "TestApp" */;
			buildPhases = (
				1185E7241584FAF7001FC0F5 /* Sources */,
				1185E7251584FAF7001FC0F5 /* Frameworks */,
				1185E7261584FAF7001FC0F5 /* Resources */,
			);
			buildRules = (
			);
			dependencies = (
			);
			name = TestApp;
			productName = TestApp;
			productReference = 1185E7281584FAF7001FC0F5 /* TestApp.app */;
			productType = "com.apple.product-type.application";
		};
/* End PBXNativeTarget section */

/* Begin PBXProject section */
		1185E71F1584FAF7001FC0F5 /* Project object */ = {
			isa = PBXProject;
			attributes = {
				CLASSPREFIX = SR;
				LastUpgradeCheck = 0430;
				ORGANIZATIONNAME = View.io;
			};
			buildConfigurationList = 1185E7221584FAF7001FC0F5 /* Build configuration list for PBXProject "TestApp" */;
			compatibilityVersion = "Xcode 3.2";
			developmentRegion = English;
			hasScannedForEncodings = 0;
			knownRegions = (
				en,
			);
			mainGroup = 1185E71D1584FAF7001FC0F5;
			productRefGroup = 1185E7291584FAF7001FC0F5 /* Products */;
			projectDirPath = "";
			projectRoot = "";
			targets = (
				1185E7271584FAF7001FC0F5 /* TestApp */,
			);
		};
/* End PBXProject section */

/* Begin PBXResourcesBuildPhase section */
		1185E7261584FAF7001FC0F5 /* Resources */ = {
			isa = PBXResourcesBuildPhase;
			buildActionMask = 2147483647;
			files = (
				1185E7371584FAF7001FC0F5 /* InfoPlist.strings in Resources */,
				1185E7491584FAF7001FC0F5 /* MainStoryboard.storyboard in Resources */,
			);
			runOnlyForDeploymentPostprocessing = 0;
		};
/* End PBXResourcesBuildPhase section */

/* Begin PBXSourcesBuildPhase section */
		1185E7241584FAF7001FC0F5 /* Sources */ = {
			isa = PBXSourcesBuildPhase;
			buildActionMask = 2147483647;
			files = (
				1185E7391584FAF7001FC0F5 /* main.m in Sources */,
				1185E73D1584FAF7001FC0F5 /* SRAppDelegate.m in Sources */,
				1185E7401584FAF7001FC0F5 /* SRRootViewController.m in Sources */,
				1185E7431584FAF7001FC0F5 /* SRDataViewController.m in Sources */,
				1185E7461584FAF7001FC0F5 /* SRModelController.m in Sources */,
			);
			runOnlyForDeploymentPostprocessing = 0;
		};
/* End PBXSourcesBuildPhase section */

/* Begin PBXVariantGroup section */
		1185E7351584FAF7001FC0F5 /* InfoPlist.strings */ = {
			isa = PBXVariantGroup;
			children = (
				1185E7361584FAF7001FC0F5 /* en */,
			);
			name = InfoPlist.strings;
			sourceTree = "<group>";
		};
		1185E7471584FAF7001FC0F5 /* MainStoryboard.storyboard */ = {
			isa = PBXVariantGroup;
			children = (
				1185E7481584FAF7001FC0F5 /* en */,
			);
			name = MainStoryboard.storyboard;
			sourceTree = "<group>";
		};
/* End PBXVariantGroup section */

/* Begin XCBuildConfiguration section */
		1185E74A1584FAF7001FC0F5 /* Debug */ = {
			isa = XCBuildConfiguration;
			buildSettings = {
				ALWAYS_SEARCH_USER_PATHS = NO;
				ARCHS = "$(ARCHS_STANDARD_32_BIT)";
				CLANG_ENABLE_OBJC_ARC = YES;
				"CODE_SIGN_IDENTITY[sdk=iphoneos*]" = "iPhone Developer";
				COPY_PHASE_STRIP = NO;
				GCC_C_LANGUAGE_STANDARD = gnu99;
				GCC_DYNAMIC_NO_PIC = NO;
				GCC_OPTIMIZATION_LEVEL = 0;
				GCC_PREPROCESSOR_DEFINITIONS = (
					"DEBUG=1",
					"$(inherited)",
				);
				GCC_SYMBOLS_PRIVATE_EXTERN = NO;
				GCC_VERSION = com.apple.compilers.llvm.clang.1_0;
				GCC_WARN_ABOUT_RETURN_TYPE = YES;
				GCC_WARN_UNINITIALIZED_AUTOS = YES;
				GCC_WARN_UNUSED_VARIABLE = YES;
				IPHONEOS_DEPLOYMENT_TARGET = 5.1;
				SDKROOT = iphoneos;
				TARGETED_DEVICE_FAMILY = 2;
			};
			name = Debug;
		};
		1185E74B1584FAF7001FC0F5 /* Release */ = {
			isa = XCBuildConfiguration;
			buildSettings = {
				ALWAYS_SEARCH_USER_PATHS = NO;
				ARCHS = "$(ARCHS_STANDARD_32_BIT)";
				CLANG_ENABLE_OBJC_ARC = YES;
				"CODE_SIGN_IDENTITY[sdk=iphoneos*]" = "iPhone Developer";
				COPY_PHASE_STRIP = YES;
				GCC_C_LANGUAGE_STANDARD = gnu99;
				GCC_VERSION = com.apple.compilers.llvm.clang.1_0;
				GCC_WARN_ABOUT_RETURN_TYPE = YES;
				GCC_WARN_UNINITIALIZED_AUTOS = YES;
				GCC_WARN_UNUSED_VARIABLE = YES;
				IPHONEOS_DEPLOYMENT_TARGET = 5.1;
				OTHER_CFLAGS = "-DNS_BLOCK_ASSERTIONS=1";
				SDKROOT = iphoneos;
				TARGETED_DEVICE_FAMILY = 2;
				VALIDATE_PRODUCT = YES;
			};
			name = Release;
		};
		1185E74D1584FAF7001FC0F5 /* Debug */ = {
			isa = XCBuildConfiguration;
			buildSettings = {
				GCC_PRECOMPILE_PREFIX_HEADER = YES;
				GCC_PREFIX_HEADER = "TestApp/TestApp-Prefix.pch";
				INFOPLIST_FILE = "TestApp/TestApp-Info.plist";
				PRODUCT_NAME = "$(TARGET_NAME)";
				WRAPPER_EXTENSION = app;
			};
			name = Debug;
		};
		1185E74E1584FAF7001FC0F5 /* Release */ = {
			isa = XCBuildConfiguration;
			buildSettings = {
				GCC_PRECOMPILE_PREFIX_HEADER = YES;
				GCC_PREFIX_HEADER = "TestApp/TestApp-Prefix.pch";
				INFOPLIST_FILE = "TestApp/TestApp-Info.plist";
				PRODUCT_NAME = "$(TARGET_NAME)";
				WRAPPER_EXTENSION = app;
			};
			name = Release;
		};
/* End XCBuildConfiguration section */

/* Begin XCConfigurationList section */
		1185E7221584FAF7001FC0F5 /* Build configuration list for PBXProject "TestApp" */ = {
			isa = XCConfigurationList;
			buildConfigurations = (
				1185E74A1584FAF7001FC0F5 /* Debug */,
				1185E74B1584FAF7001FC0F5 /* Release */,
			);
			defaultConfigurationIsVisible = 0;
			defaultConfigurationName = Release;
		};
		1185E74C1584FAF7001FC0F5 /* Build configuration list for PBXNativeTarget "TestApp" */ = {
			isa = XCConfigurationList;
			buildConfigurations = (
				1185E74D1584FAF7001FC0F5 /* Debug */,
				1185E74E1584FAF7001FC0F5 /* Release */,
			);
			defaultConfigurationIsVisible = 0;
		};
/* End XCConfigurationList section */
	};
	rootObject = 1185E71F1584FAF7001FC0F5 /* Project object */;
}
